
Microsoft Visual Studio Solution File, Format Version 12.00
# Visual Studio Version 16
VisualStudioVersion = 16.0.31410.357
MinimumVisualStudioVersion = 10.0.40219.1
Project("{9A19103F-16F7-4668-BE54-9A1E7A4F7556}") = "Task3__TopologicalSorting", "Task3__TopologicalSorting\Task3__TopologicalSorting.csproj", "{A241B4F2-956F-45EB-A106-FCD97DE3A485}"
EndProject
Project("{2150E333-8FDC-42A3-9474-1A3956D46DE8}") = "Solution Items", "Solution Items", "{7137B6AF-5E43-4962-B36B-8EF63217FB13}"
	ProjectSection(SolutionItems) = preProject
		.editorconfig = .editorconfig
	EndProjectSection
EndProject
Global
	GlobalSection(SolutionConfigurationPlatforms) = preSolution
		Debug|Any CPU = Debug|Any CPU
		Release|Any CPU = Release|Any CPU
	EndGlobalSection
	GlobalSection(ProjectConfigurationPlatforms) = postSolution
		{A241B4F2-956F-45EB-A106-FCD97DE3A485}.Debug|Any CPU.ActiveCfg = Debug|Any CPU
		{A241B4F2-956F-45EB-A106-FCD97DE3A485}.Debug|Any CPU.Build.0 = Debug|Any CPU
		{A241B4F2-956F-45EB-A106-FCD97DE3A485}.Release|Any CPU.ActiveCfg = Release|Any CPU
		{A241B4F2-956F-45EB-A106-FCD97DE3A485}.Release|Any CPU.Build.0 = Release|Any CPU
	EndGlobalSection
	GlobalSection(SolutionProperties) = preSolution
		HideSolutionNode = FALSE
	EndGlobalSection
	GlobalSection(ExtensibilityGlobals) = postSolution
		SolutionGuid = {7D3CDD86-BA4B-4034-8881-F92BAB3F0CD9}
	EndGlobalSection
EndGlobal
